
Microsoft Visual Studio Solution File, Format Version 12.00
# Visual Studio 15
VisualStudioVersion = 15.0.35116.124
MinimumVisualStudioVersion = 10.0.40219.1
Project("{FAE04EC0-301F-11D3-BF4B-00C04F79EFBC}") = "Gui", "Gui\Gui.csproj", "{2005A676-103C-4D96-B068-38D85E04F89A}"
EndProject
Global
	GlobalSection(SolutionConfigurationPlatforms) = preSolution
		Debug|Any CPU = Debug|Any CPU
		Release|Any CPU = Release|Any CPU
	EndGlobalSection
	GlobalSection(ProjectConfigurationPlatforms) = postSolution
		{2005A676-103C-4D96-B068-38D85E04F89A}.Debug|Any CPU.ActiveCfg = Debug|Any CPU
		{2005A676-103C-4D96-B068-38D85E04F89A}.Debug|Any CPU.Build.0 = Debug|Any CPU
		{2005A676-103C-4D96-B068-38D85E04F89A}.Release|Any CPU.ActiveCfg = Release|Any CPU
		{2005A676-103C-4D96-B068-38D85E04F89A}.Release|Any CPU.Build.0 = Release|Any CPU
	EndGlobalSection
	GlobalSection(SolutionProperties) = preSolution
		HideSolutionNode = FALSE
	EndGlobalSection
	GlobalSection(ExtensibilityGlobals) = postSolution
		SolutionGuid = {A0E604B8-6BC8-445D-986A-7F9BADC99877}
	EndGlobalSection
EndGlobal
