
Microsoft Visual Studio Solution File, Format Version 12.00
# Visual Studio 15
VisualStudioVersion = 15.0.35116.124
MinimumVisualStudioVersion = 10.0.40219.1
Project("{FAE04EC0-301F-11D3-BF4B-00C04F79EFBC}") = "GUInterface", "GUInterface\GUInterface.csproj", "{F43C67FC-61BB-40C9-92BC-ABD98975B255}"
EndProject
Global
	GlobalSection(SolutionConfigurationPlatforms) = preSolution
		Debug|Any CPU = Debug|Any CPU
		Release|Any CPU = Release|Any CPU
	EndGlobalSection
	GlobalSection(ProjectConfigurationPlatforms) = postSolution
		{F43C67FC-61BB-40C9-92BC-ABD98975B255}.Debug|Any CPU.ActiveCfg = Debug|Any CPU
		{F43C67FC-61BB-40C9-92BC-ABD98975B255}.Debug|Any CPU.Build.0 = Debug|Any CPU
		{F43C67FC-61BB-40C9-92BC-ABD98975B255}.Release|Any CPU.ActiveCfg = Release|Any CPU
		{F43C67FC-61BB-40C9-92BC-ABD98975B255}.Release|Any CPU.Build.0 = Release|Any CPU
	EndGlobalSection
	GlobalSection(SolutionProperties) = preSolution
		HideSolutionNode = FALSE
	EndGlobalSection
	GlobalSection(ExtensibilityGlobals) = postSolution
		SolutionGuid = {EDFC065C-0958-409C-8995-67E64F80695B}
	EndGlobalSection
EndGlobal
